
Microsoft Visual Studio Solution File, Format Version 12.00
# Visual Studio Version 16
VisualStudioVersion = 16.0.29519.87
MinimumVisualStudioVersion = 10.0.40219.1
Project("{9092AA53-FB77-4645-B42D-1CCCA6BD08BD}") = "WeighAnchor", "WeighAnchor\WeighAnchor.njsproj", "{2A5DA29F-3BDD-4504-A56D-345034BA2C21}"
EndProject
Global
	GlobalSection(SolutionConfigurationPlatforms) = preSolution
		Debug|Any CPU = Debug|Any CPU
		Release|Any CPU = Release|Any CPU
	EndGlobalSection
	GlobalSection(ProjectConfigurationPlatforms) = postSolution
		{2A5DA29F-3BDD-4504-A56D-345034BA2C21}.Debug|Any CPU.ActiveCfg = Debug|Any CPU
		{2A5DA29F-3BDD-4504-A56D-345034BA2C21}.Debug|Any CPU.Build.0 = Debug|Any CPU
		{2A5DA29F-3BDD-4504-A56D-345034BA2C21}.Release|Any CPU.ActiveCfg = Release|Any CPU
		{2A5DA29F-3BDD-4504-A56D-345034BA2C21}.Release|Any CPU.Build.0 = Release|Any CPU
	EndGlobalSection
	GlobalSection(SolutionProperties) = preSolution
		HideSolutionNode = FALSE
	EndGlobalSection
	GlobalSection(ExtensibilityGlobals) = postSolution
		SolutionGuid = {612843FD-1DC2-40E9-AB12-7C0DFCC91C32}
	EndGlobalSection
EndGlobal
